
Microsoft Visual Studio Solution File, Format Version 12.00
# Visual Studio Version 17
VisualStudioVersion = 17.11.35312.102
MinimumVisualStudioVersion = 10.0.40219.1
Project("{9A19103F-16F7-4668-BE54-9A1E7A4F7556}") = "Chinook.ConsoleApp", "DAL for the view\Chinook.ConsoleApp.csproj", "{3D25F46D-A57C-4091-AB0C-85ED033C4155}"
EndProject
Project("{FAE04EC0-301F-11D3-BF4B-00C04F79EFBC}") = "Chinook.DAL", "Chinook.DAL\Chinook.DAL.csproj", "{1861BA1C-4020-4653-B904-7367F45CEBC4}"
EndProject
Global
	GlobalSection(SolutionConfigurationPlatforms) = preSolution
		Debug|Any CPU = Debug|Any CPU
		Release|Any CPU = Release|Any CPU
	EndGlobalSection
	GlobalSection(ProjectConfigurationPlatforms) = postSolution
		{3D25F46D-A57C-4091-AB0C-85ED033C4155}.Debug|Any CPU.ActiveCfg = Debug|Any CPU
		{3D25F46D-A57C-4091-AB0C-85ED033C4155}.Debug|Any CPU.Build.0 = Debug|Any CPU
		{3D25F46D-A57C-4091-AB0C-85ED033C4155}.Release|Any CPU.ActiveCfg = Release|Any CPU
		{3D25F46D-A57C-4091-AB0C-85ED033C4155}.Release|Any CPU.Build.0 = Release|Any CPU
		{1861BA1C-4020-4653-B904-7367F45CEBC4}.Debug|Any CPU.ActiveCfg = Debug|Any CPU
		{1861BA1C-4020-4653-B904-7367F45CEBC4}.Debug|Any CPU.Build.0 = Debug|Any CPU
		{1861BA1C-4020-4653-B904-7367F45CEBC4}.Release|Any CPU.ActiveCfg = Release|Any CPU
		{1861BA1C-4020-4653-B904-7367F45CEBC4}.Release|Any CPU.Build.0 = Release|Any CPU
	EndGlobalSection
	GlobalSection(SolutionProperties) = preSolution
		HideSolutionNode = FALSE
	EndGlobalSection
	GlobalSection(ExtensibilityGlobals) = postSolution
		SolutionGuid = {1EBDB9F4-1211-4B0C-AE62-9F814D6DAE6E}
	EndGlobalSection
EndGlobal
